
Microsoft Visual Studio Solution File, Format Version 10.00
# Visual Studio 2008
Project("{FAE04EC0-301F-11D3-BF4B-00C04F79EFBC}") = "JoomlaGUITemplate", "JoomlaGUITemplate\JoomlaGUITemplate.csproj", "{96B64713-B2B8-45BC-A9C7-888F7BA855A7}"
EndProject
Project("{2150E333-8FDC-42A3-9474-1A3956D46DE8}") = "lib", "lib", "{FFD624E9-6B1A-455B-B5F4-F74DF4C33A30}"
	ProjectSection(SolutionItems) = preProject
		JoomlaGUITemplate\lib\Dnp.Utils.dll = JoomlaGUITemplate\lib\Dnp.Utils.dll
		JoomlaGUITemplate\lib\MyMeta.dll = JoomlaGUITemplate\lib\MyMeta.dll
		JoomlaGUITemplate\lib\Zeus.dll = JoomlaGUITemplate\lib\Zeus.dll
	EndProjectSection
EndProject
Global
	GlobalSection(SolutionConfigurationPlatforms) = preSolution
		Debug|Any CPU = Debug|Any CPU
		Release|Any CPU = Release|Any CPU
	EndGlobalSection
	GlobalSection(ProjectConfigurationPlatforms) = postSolution
		{96B64713-B2B8-45BC-A9C7-888F7BA855A7}.Debug|Any CPU.ActiveCfg = Debug|Any CPU
		{96B64713-B2B8-45BC-A9C7-888F7BA855A7}.Debug|Any CPU.Build.0 = Debug|Any CPU
		{96B64713-B2B8-45BC-A9C7-888F7BA855A7}.Release|Any CPU.ActiveCfg = Release|Any CPU
		{96B64713-B2B8-45BC-A9C7-888F7BA855A7}.Release|Any CPU.Build.0 = Release|Any CPU
	EndGlobalSection
	GlobalSection(SolutionProperties) = preSolution
		HideSolutionNode = FALSE
	EndGlobalSection
EndGlobal
